
Microsoft Visual Studio Solution File, Format Version 12.00
# Visual Studio Version 17
VisualStudioVersion = 17.6.33723.286
MinimumVisualStudioVersion = 10.0.40219.1
Project("{FAE04EC0-301F-11D3-BF4B-00C04F79EFBC}") = "DemoProject", "DemoProject.csproj", "{3E5C277C-4C11-4A04-995D-C93CA9EEAF53}"
EndProject
Global
	GlobalSection(SolutionConfigurationPlatforms) = preSolution
		Debug|Any CPU = Debug|Any CPU
		Release|Any CPU = Release|Any CPU
	EndGlobalSection
	GlobalSection(ProjectConfigurationPlatforms) = postSolution
		{3E5C277C-4C11-4A04-995D-C93CA9EEAF53}.Debug|Any CPU.ActiveCfg = Debug|Any CPU
		{3E5C277C-4C11-4A04-995D-C93CA9EEAF53}.Debug|Any CPU.Build.0 = Debug|Any CPU
		{3E5C277C-4C11-4A04-995D-C93CA9EEAF53}.Release|Any CPU.ActiveCfg = Release|Any CPU
		{3E5C277C-4C11-4A04-995D-C93CA9EEAF53}.Release|Any CPU.Build.0 = Release|Any CPU
	EndGlobalSection
	GlobalSection(SolutionProperties) = preSolution
		HideSolutionNode = FALSE
	EndGlobalSection
	GlobalSection(ExtensibilityGlobals) = postSolution
		SolutionGuid = {5FE71A50-682A-4D10-A16F-4FE994F71221}
	EndGlobalSection
EndGlobal
