
Microsoft Visual Studio Solution File, Format Version 12.00
# Visual Studio Version 17
VisualStudioVersion = 17.6.33723.286
MinimumVisualStudioVersion = 10.0.40219.1
Project("{FAE04EC0-301F-11D3-BF4B-00C04F79EFBC}") = "ChatApp", "ChatApp.csproj", "{B8775D80-4244-4220-B8F7-556C5DAD6A02}"
EndProject
Global
	GlobalSection(SolutionConfigurationPlatforms) = preSolution
		Debug|Any CPU = Debug|Any CPU
		Release|Any CPU = Release|Any CPU
	EndGlobalSection
	GlobalSection(ProjectConfigurationPlatforms) = postSolution
		{B8775D80-4244-4220-B8F7-556C5DAD6A02}.Debug|Any CPU.ActiveCfg = Debug|Any CPU
		{B8775D80-4244-4220-B8F7-556C5DAD6A02}.Debug|Any CPU.Build.0 = Debug|Any CPU
		{B8775D80-4244-4220-B8F7-556C5DAD6A02}.Release|Any CPU.ActiveCfg = Release|Any CPU
		{B8775D80-4244-4220-B8F7-556C5DAD6A02}.Release|Any CPU.Build.0 = Release|Any CPU
	EndGlobalSection
	GlobalSection(SolutionProperties) = preSolution
		HideSolutionNode = FALSE
	EndGlobalSection
	GlobalSection(ExtensibilityGlobals) = postSolution
		SolutionGuid = {73B79123-0F35-41EB-956A-58C5B741A8B6}
	EndGlobalSection
EndGlobal
